
Microsoft Visual Studio Solution File, Format Version 12.00
# Visual Studio Version 17
VisualStudioVersion = 17.0.31903.59
MinimumVisualStudioVersion = 10.0.40219.1
Project("{2150E333-8FDC-42A3-9474-1A3956D46DE8}") = "src", "src", "{827E0CD3-B72D-47B6-A68D-7590B98EB39B}"
EndProject
Project("{FAE04EC0-301F-11D3-BF4B-00C04F79EFBC}") = "SurveyorLedger.Core", "src\SurveyorLedger.Core\SurveyorLedger.Core.csproj", "{633125AA-1190-43D2-988C-704171060BD0}"
EndProject
Project("{FAE04EC0-301F-11D3-BF4B-00C04F79EFBC}") = "SurveyorLedger.Data", "src\SurveyorLedger.Data\SurveyorLedger.Data.csproj", "{3B143E0D-D354-4CC5-BC19-FF86D7D2678F}"
EndProject
Project("{FAE04EC0-301F-11D3-BF4B-00C04F79EFBC}") = "SurveyorLedger.API", "src\SurveyorLedger.API\SurveyorLedger.API.csproj", "{FEF93ADC-97E8-4A23-80B0-72AFFA28FDF4}"
EndProject
Global
	GlobalSection(SolutionConfigurationPlatforms) = preSolution
		Debug|Any CPU = Debug|Any CPU
		Debug|x64 = Debug|x64
		Debug|x86 = Debug|x86
		Release|Any CPU = Release|Any CPU
		Release|x64 = Release|x64
		Release|x86 = Release|x86
	EndGlobalSection
	GlobalSection(ProjectConfigurationPlatforms) = postSolution
		{633125AA-1190-43D2-988C-704171060BD0}.Debug|Any CPU.ActiveCfg = Debug|Any CPU
		{633125AA-1190-43D2-988C-704171060BD0}.Debug|Any CPU.Build.0 = Debug|Any CPU
		{633125AA-1190-43D2-988C-704171060BD0}.Debug|x64.ActiveCfg = Debug|Any CPU
		{633125AA-1190-43D2-988C-704171060BD0}.Debug|x64.Build.0 = Debug|Any CPU
		{633125AA-1190-43D2-988C-704171060BD0}.Debug|x86.ActiveCfg = Debug|Any CPU
		{633125AA-1190-43D2-988C-704171060BD0}.Debug|x86.Build.0 = Debug|Any CPU
		{633125AA-1190-43D2-988C-704171060BD0}.Release|Any CPU.ActiveCfg = Release|Any CPU
		{633125AA-1190-43D2-988C-704171060BD0}.Release|Any CPU.Build.0 = Release|Any CPU
		{633125AA-1190-43D2-988C-704171060BD0}.Release|x64.ActiveCfg = Release|Any CPU
		{633125AA-1190-43D2-988C-704171060BD0}.Release|x64.Build.0 = Release|Any CPU
		{633125AA-1190-43D2-988C-704171060BD0}.Release|x86.ActiveCfg = Release|Any CPU
		{633125AA-1190-43D2-988C-704171060BD0}.Release|x86.Build.0 = Release|Any CPU
		{3B143E0D-D354-4CC5-BC19-FF86D7D2678F}.Debug|Any CPU.ActiveCfg = Debug|Any CPU
		{3B143E0D-D354-4CC5-BC19-FF86D7D2678F}.Debug|Any CPU.Build.0 = Debug|Any CPU
		{3B143E0D-D354-4CC5-BC19-FF86D7D2678F}.Debug|x64.ActiveCfg = Debug|Any CPU
		{3B143E0D-D354-4CC5-BC19-FF86D7D2678F}.Debug|x64.Build.0 = Debug|Any CPU
		{3B143E0D-D354-4CC5-BC19-FF86D7D2678F}.Debug|x86.ActiveCfg = Debug|Any CPU
		{3B143E0D-D354-4CC5-BC19-FF86D7D2678F}.Debug|x86.Build.0 = Debug|Any CPU
		{3B143E0D-D354-4CC5-BC19-FF86D7D2678F}.Release|Any CPU.ActiveCfg = Release|Any CPU
		{3B143E0D-D354-4CC5-BC19-FF86D7D2678F}.Release|Any CPU.Build.0 = Release|Any CPU
		{3B143E0D-D354-4CC5-BC19-FF86D7D2678F}.Release|x64.ActiveCfg = Release|Any CPU
		{3B143E0D-D354-4CC5-BC19-FF86D7D2678F}.Release|x64.Build.0 = Release|Any CPU
		{3B143E0D-D354-4CC5-BC19-FF86D7D2678F}.Release|x86.ActiveCfg = Release|Any CPU
		{3B143E0D-D354-4CC5-BC19-FF86D7D2678F}.Release|x86.Build.0 = Release|Any CPU
		{FEF93ADC-97E8-4A23-80B0-72AFFA28FDF4}.Debug|Any CPU.ActiveCfg = Debug|Any CPU
		{FEF93ADC-97E8-4A23-80B0-72AFFA28FDF4}.Debug|Any CPU.Build.0 = Debug|Any CPU
		{FEF93ADC-97E8-4A23-80B0-72AFFA28FDF4}.Debug|x64.ActiveCfg = Debug|Any CPU
		{FEF93ADC-97E8-4A23-80B0-72AFFA28FDF4}.Debug|x64.Build.0 = Debug|Any CPU
		{FEF93ADC-97E8-4A23-80B0-72AFFA28FDF4}.Debug|x86.ActiveCfg = Debug|Any CPU
		{FEF93ADC-97E8-4A23-80B0-72AFFA28FDF4}.Debug|x86.Build.0 = Debug|Any CPU
		{FEF93ADC-97E8-4A23-80B0-72AFFA28FDF4}.Release|Any CPU.ActiveCfg = Release|Any CPU
		{FEF93ADC-97E8-4A23-80B0-72AFFA28FDF4}.Release|Any CPU.Build.0 = Release|Any CPU
		{FEF93ADC-97E8-4A23-80B0-72AFFA28FDF4}.Release|x64.ActiveCfg = Release|Any CPU
		{FEF93ADC-97E8-4A23-80B0-72AFFA28FDF4}.Release|x64.Build.0 = Release|Any CPU
		{FEF93ADC-97E8-4A23-80B0-72AFFA28FDF4}.Release|x86.ActiveCfg = Release|Any CPU
		{FEF93ADC-97E8-4A23-80B0-72AFFA28FDF4}.Release|x86.Build.0 = Release|Any CPU
	EndGlobalSection
	GlobalSection(SolutionProperties) = preSolution
		HideSolutionNode = FALSE
	EndGlobalSection
	GlobalSection(NestedProjects) = preSolution
		{633125AA-1190-43D2-988C-704171060BD0} = {827E0CD3-B72D-47B6-A68D-7590B98EB39B}
		{3B143E0D-D354-4CC5-BC19-FF86D7D2678F} = {827E0CD3-B72D-47B6-A68D-7590B98EB39B}
		{FEF93ADC-97E8-4A23-80B0-72AFFA28FDF4} = {827E0CD3-B72D-47B6-A68D-7590B98EB39B}
	EndGlobalSection
EndGlobal
